{
  "version": 4,
  "terraform_version": "1.10.5",
  "serial": 11,
  "lineage": "b706b6de-81b1-6078-4760-76187ea734ff",
  "outputs": {
    "public_ip_address": {
      "value": "",
      "type": "string"
    },
    "resource_group_name": {
      "value": "seto0046-A05-RG",
      "type": "string"
    }
  },
  "resources": [
    {
      "mode": "data",
      "type": "cloudinit_config",
      "name": "cloud_init",
      "provider": "provider[\"registry.terraform.io/hashicorp/cloudinit\"]",
      "instances": [
        {
          "schema_version": 0,
          "attributes": {
            "base64_encode": true,
            "boundary": "MIMEBOUNDARY",
            "gzip": false,
            "id": "613735707",
            "part": [
              {
                "content": "#!/bin/bash\nsudo apt-get update\nsudo apt-get install -y apache2",
                "content_type": "text/x-shellscript",
                "filename": null,
                "merge_type": null
              }
            ],
            "rendered": "Q29udGVudC1UeXBlOiBtdWx0aXBhcnQvbWl4ZWQ7IGJvdW5kYXJ5PSJNSU1FQk9VTkRBUlkiCk1JTUUtVmVyc2lvbjogMS4wDQoNCi0tTUlNRUJPVU5EQVJZDQpDb250ZW50LVRyYW5zZmVyLUVuY29kaW5nOiA3Yml0DQpDb250ZW50LVR5cGU6IHRleHQveC1zaGVsbHNjcmlwdA0KTWltZS1WZXJzaW9uOiAxLjANCg0KIyEvYmluL2Jhc2gKc3VkbyBhcHQtZ2V0IHVwZGF0ZQpzdWRvIGFwdC1nZXQgaW5zdGFsbCAteSBhcGFjaGUyDQotLU1JTUVCT1VOREFSWS0tDQo="
          },
          "sensitive_attributes": []
        }
      ]
    },
    {
      "mode": "managed",
      "type": "azurerm_linux_virtual_machine",
      "name": "vm",
      "provider": "provider[\"registry.terraform.io/hashicorp/azurerm\"]",
      "instances": [
        {
          "schema_version": 0,
          "attributes": {
            "additional_capabilities": [],
            "admin_password": null,
            "admin_ssh_key": [
              {
                "public_key": "ssh-rsa AAAAB3NzaC1yc2EAAAADAQABAAACAQC+3f1+Rig0Hur5HmyMHmIff/vcMp6o3JODHooZUqhWMv0Mz3ohCE0yLhg4M0iTktQtw7t3p1yJdBNaLgxg9ZXvog1VOzmgx9a5PPtB5+DlONg8BZJ78VsqJaJrV5CFYN5mx0elwyAEhrR6elio1au/uDRFC40OesqA/yWWrow/lRsuV6+Gj5hzFojS8X6i05etv70/x8XBfxEf618VOHSF94q7ej5ZgUXcDNDV0LIg8p5CGSy7zbpkmP9UePhEG9O59b9KC8hHltAqVAAnM7uvox7fiUKmvm79IUYMWNdX/Q4sd6fiqqlm3MNtdw4rE4Noh00AThIE7h2pCn7id2Bufx7evdrxa/rjmOlwrlB55n6rCAc0cdX3AXtRYectsYalSkllZTJ3s1GWuIRbyeObss4nQNTEyQp9rfRje3kcra83HiqetqwGEXcs6j6V/ywpJ9elottEneKRmXaLaPzEE2PXSLqeCT6K9Az/Lllna/Zi+8SdtHyPILBTeAp+piLJa56RlYcvcv/3xFy1AsIjxhPo6RUGeUNbAmAMemwzXQZK7TRpB2eOQ0DRlD4JfY4wkREa0DZ3W48KpXrScvUsSkq3faES5iSG0dMzFip0XLa+brbGIFwYmf2lWlefG/FyvFE4Z5RpwcOXF8GAwRgd+yol1U7zAQh/exn6z7xYZQ== seto0046@algonquinlive.com\n",
                "username": "azureadmin"
              }
            ],
            "admin_username": "azureadmin",
            "allow_extension_operations": true,
            "availability_set_id": "",
            "boot_diagnostics": [],
            "computer_name": "seto0046A05vm",
            "custom_data": "Q29udGVudC1UeXBlOiBtdWx0aXBhcnQvbWl4ZWQ7IGJvdW5kYXJ5PSJNSU1FQk9VTkRBUlkiCk1JTUUtVmVyc2lvbjogMS4wDQoNCi0tTUlNRUJPVU5EQVJZDQpDb250ZW50LVRyYW5zZmVyLUVuY29kaW5nOiA3Yml0DQpDb250ZW50LVR5cGU6IHRleHQveC1zaGVsbHNjcmlwdA0KTWltZS1WZXJzaW9uOiAxLjANCg0KIyEvYmluL2Jhc2gKc3VkbyBhcHQtZ2V0IHVwZGF0ZQpzdWRvIGFwdC1nZXQgaW5zdGFsbCAteSBhcGFjaGUyDQotLU1JTUVCT1VOREFSWS0tDQo=",
            "dedicated_host_group_id": "",
            "dedicated_host_id": "",
            "disable_password_authentication": true,
            "edge_zone": "",
            "encryption_at_host_enabled": false,
            "eviction_policy": "",
            "extensions_time_budget": "PT1H30M",
            "id": "/subscriptions/c33d7468-11ea-4d59-906e-b5ab730587f8/resourceGroups/seto0046-A05-RG/providers/Microsoft.Compute/virtualMachines/seto0046A05vm",
            "identity": [],
            "license_type": "",
            "location": "westus3",
            "max_bid_price": -1,
            "name": "seto0046A05vm",
            "network_interface_ids": [
              "/subscriptions/c33d7468-11ea-4d59-906e-b5ab730587f8/resourceGroups/seto0046-A05-RG/providers/Microsoft.Network/networkInterfaces/seto0046A05nic"
            ],
            "os_disk": [
              {
                "caching": "ReadWrite",
                "diff_disk_settings": [],
                "disk_encryption_set_id": "",
                "disk_size_gb": 30,
                "name": "seto0046A05vm_OsDisk_1_553828bc6d0e4215adf8ebfeef065660",
                "storage_account_type": "Standard_LRS",
                "write_accelerator_enabled": false
              }
            ],
            "patch_mode": "ImageDefault",
            "plan": [],
            "platform_fault_domain": -1,
            "priority": "Regular",
            "private_ip_address": "10.0.1.4",
            "private_ip_addresses": [
              "10.0.1.4"
            ],
            "provision_vm_agent": true,
            "proximity_placement_group_id": "",
            "public_ip_address": "20.172.4.133",
            "public_ip_addresses": [
              "20.172.4.133"
            ],
            "resource_group_name": "seto0046-A05-RG",
            "secret": [],
            "secure_boot_enabled": false,
            "size": "Standard_B1s",
            "source_image_id": "",
            "source_image_reference": [
              {
                "offer": "0001-com-ubuntu-server-jammy",
                "publisher": "Canonical",
                "sku": "22_04-lts",
                "version": "latest"
              }
            ],
            "tags": null,
            "termination_notification": null,
            "timeouts": null,
            "user_data": "",
            "virtual_machine_id": "e1d9c8ef-81eb-4cdc-b31e-debe12747ab2",
            "virtual_machine_scale_set_id": "",
            "vtpm_enabled": false,
            "zone": ""
          },
          "sensitive_attributes": [
            [
              {
                "type": "get_attr",
                "value": "admin_password"
              }
            ],
            [
              {
                "type": "get_attr",
                "value": "custom_data"
              }
            ]
          ],
          "private": "eyJlMmJmYjczMC1lY2FhLTExZTYtOGY4OC0zNDM2M2JjN2M0YzAiOnsiY3JlYXRlIjoyNzAwMDAwMDAwMDAwLCJkZWxldGUiOjI3MDAwMDAwMDAwMDAsInJlYWQiOjMwMDAwMDAwMDAwMCwidXBkYXRlIjoyNzAwMDAwMDAwMDAwfX0=",
          "dependencies": [
            "azurerm_network_interface.nic",
            "azurerm_public_ip.webserver",
            "azurerm_resource_group.rg",
            "azurerm_subnet.webserver",
            "azurerm_virtual_network.vnet",
            "data.cloudinit_config.cloud_init"
          ]
        }
      ]
    },
    {
      "mode": "managed",
      "type": "azurerm_network_interface",
      "name": "nic",
      "provider": "provider[\"registry.terraform.io/hashicorp/azurerm\"]",
      "instances": [
        {
          "schema_version": 0,
          "attributes": {
            "applied_dns_servers": [],
            "dns_servers": [],
            "edge_zone": "",
            "enable_accelerated_networking": false,
            "enable_ip_forwarding": false,
            "id": "/subscriptions/c33d7468-11ea-4d59-906e-b5ab730587f8/resourceGroups/seto0046-A05-RG/providers/Microsoft.Network/networkInterfaces/seto0046A05nic",
            "internal_dns_name_label": "",
            "internal_domain_name_suffix": "0yiddhkr5lrubgmyqe0qrzan2h.phxx.internal.cloudapp.net",
            "ip_configuration": [
              {
                "gateway_load_balancer_frontend_ip_configuration_id": "",
                "name": "internal",
                "primary": true,
                "private_ip_address": "10.0.1.4",
                "private_ip_address_allocation": "Dynamic",
                "private_ip_address_version": "IPv4",
                "public_ip_address_id": "/subscriptions/c33d7468-11ea-4d59-906e-b5ab730587f8/resourceGroups/seto0046-A05-RG/providers/Microsoft.Network/publicIPAddresses/seto0046A05PublicIP",
                "subnet_id": "/subscriptions/c33d7468-11ea-4d59-906e-b5ab730587f8/resourceGroups/seto0046-A05-RG/providers/Microsoft.Network/virtualNetworks/seto0046A05Vnet/subnets/seto0046A05Subnet"
              }
            ],
            "location": "westus3",
            "mac_address": "",
            "name": "seto0046A05nic",
            "private_ip_address": "10.0.1.4",
            "private_ip_addresses": [
              "10.0.1.4"
            ],
            "resource_group_name": "seto0046-A05-RG",
            "tags": {},
            "timeouts": null,
            "virtual_machine_id": ""
          },
          "sensitive_attributes": [],
          "private": "eyJlMmJmYjczMC1lY2FhLTExZTYtOGY4OC0zNDM2M2JjN2M0YzAiOnsiY3JlYXRlIjoxODAwMDAwMDAwMDAwLCJkZWxldGUiOjE4MDAwMDAwMDAwMDAsInJlYWQiOjMwMDAwMDAwMDAwMCwidXBkYXRlIjoxODAwMDAwMDAwMDAwfX0=",
          "dependencies": [
            "azurerm_public_ip.webserver",
            "azurerm_resource_group.rg",
            "azurerm_subnet.webserver",
            "azurerm_virtual_network.vnet"
          ]
        }
      ]
    },
    {
      "mode": "managed",
      "type": "azurerm_network_interface_security_group_association",
      "name": "nic_sg",
      "provider": "provider[\"registry.terraform.io/hashicorp/azurerm\"]",
      "instances": [
        {
          "schema_version": 0,
          "attributes": {
            "id": "/subscriptions/c33d7468-11ea-4d59-906e-b5ab730587f8/resourceGroups/seto0046-A05-RG/providers/Microsoft.Network/networkInterfaces/seto0046A05nic|/subscriptions/c33d7468-11ea-4d59-906e-b5ab730587f8/resourceGroups/seto0046-A05-RG/providers/Microsoft.Network/networkSecurityGroups/seto0046A05sg",
            "network_interface_id": "/subscriptions/c33d7468-11ea-4d59-906e-b5ab730587f8/resourceGroups/seto0046-A05-RG/providers/Microsoft.Network/networkInterfaces/seto0046A05nic",
            "network_security_group_id": "/subscriptions/c33d7468-11ea-4d59-906e-b5ab730587f8/resourceGroups/seto0046-A05-RG/providers/Microsoft.Network/networkSecurityGroups/seto0046A05sg",
            "timeouts": null
          },
          "sensitive_attributes": [],
          "private": "eyJlMmJmYjczMC1lY2FhLTExZTYtOGY4OC0zNDM2M2JjN2M0YzAiOnsiY3JlYXRlIjoxODAwMDAwMDAwMDAwLCJkZWxldGUiOjE4MDAwMDAwMDAwMDAsInJlYWQiOjMwMDAwMDAwMDAwMCwidXBkYXRlIjoxODAwMDAwMDAwMDAwfX0=",
          "dependencies": [
            "azurerm_network_interface.nic",
            "azurerm_network_security_group.sg",
            "azurerm_public_ip.webserver",
            "azurerm_resource_group.rg",
            "azurerm_subnet.webserver",
            "azurerm_virtual_network.vnet"
          ]
        }
      ]
    },
    {
      "mode": "managed",
      "type": "azurerm_network_security_group",
      "name": "sg",
      "provider": "provider[\"registry.terraform.io/hashicorp/azurerm\"]",
      "instances": [
        {
          "schema_version": 0,
          "attributes": {
            "id": "/subscriptions/c33d7468-11ea-4d59-906e-b5ab730587f8/resourceGroups/seto0046-A05-RG/providers/Microsoft.Network/networkSecurityGroups/seto0046A05sg",
            "location": "westus3",
            "name": "seto0046A05sg",
            "resource_group_name": "seto0046-A05-RG",
            "security_rule": [
              {
                "access": "Allow",
                "description": "",
                "destination_address_prefix": "*",
                "destination_address_prefixes": [],
                "destination_application_security_group_ids": [],
                "destination_port_range": "22",
                "destination_port_ranges": [],
                "direction": "Inbound",
                "name": "allowSSH",
                "priority": 100,
                "protocol": "Tcp",
                "source_address_prefix": "*",
                "source_address_prefixes": [],
                "source_application_security_group_ids": [],
                "source_port_range": "*",
                "source_port_ranges": []
              },
              {
                "access": "Allow",
                "description": "",
                "destination_address_prefix": "*",
                "destination_address_prefixes": [],
                "destination_application_security_group_ids": [],
                "destination_port_range": "80",
                "destination_port_ranges": [],
                "direction": "Inbound",
                "name": "allowHTTP",
                "priority": 101,
                "protocol": "Tcp",
                "source_address_prefix": "*",
                "source_address_prefixes": [],
                "source_application_security_group_ids": [],
                "source_port_range": "*",
                "source_port_ranges": []
              }
            ],
            "tags": {},
            "timeouts": null
          },
          "sensitive_attributes": [],
          "private": "eyJlMmJmYjczMC1lY2FhLTExZTYtOGY4OC0zNDM2M2JjN2M0YzAiOnsiY3JlYXRlIjoxODAwMDAwMDAwMDAwLCJkZWxldGUiOjE4MDAwMDAwMDAwMDAsInJlYWQiOjMwMDAwMDAwMDAwMCwidXBkYXRlIjoxODAwMDAwMDAwMDAwfX0=",
          "dependencies": [
            "azurerm_resource_group.rg"
          ]
        }
      ]
    },
    {
      "mode": "managed",
      "type": "azurerm_public_ip",
      "name": "webserver",
      "provider": "provider[\"registry.terraform.io/hashicorp/azurerm\"]",
      "instances": [
        {
          "schema_version": 0,
          "attributes": {
            "allocation_method": "Dynamic",
            "domain_name_label": null,
            "edge_zone": "",
            "fqdn": null,
            "id": "/subscriptions/c33d7468-11ea-4d59-906e-b5ab730587f8/resourceGroups/seto0046-A05-RG/providers/Microsoft.Network/publicIPAddresses/seto0046A05PublicIP",
            "idle_timeout_in_minutes": 4,
            "ip_address": "",
            "ip_tags": {},
            "ip_version": "IPv4",
            "location": "westus3",
            "name": "seto0046A05PublicIP",
            "public_ip_prefix_id": null,
            "resource_group_name": "seto0046-A05-RG",
            "reverse_fqdn": null,
            "sku": "Basic",
            "sku_tier": "Regional",
            "tags": {},
            "timeouts": null,
            "zones": []
          },
          "sensitive_attributes": [],
          "private": "eyJlMmJmYjczMC1lY2FhLTExZTYtOGY4OC0zNDM2M2JjN2M0YzAiOnsiY3JlYXRlIjoxODAwMDAwMDAwMDAwLCJkZWxldGUiOjE4MDAwMDAwMDAwMDAsInJlYWQiOjMwMDAwMDAwMDAwMCwidXBkYXRlIjoxODAwMDAwMDAwMDAwfX0=",
          "dependencies": [
            "azurerm_resource_group.rg"
          ]
        }
      ]
    },
    {
      "mode": "managed",
      "type": "azurerm_resource_group",
      "name": "rg",
      "provider": "provider[\"registry.terraform.io/hashicorp/azurerm\"]",
      "instances": [
        {
          "schema_version": 0,
          "attributes": {
            "id": "/subscriptions/c33d7468-11ea-4d59-906e-b5ab730587f8/resourceGroups/seto0046-A05-RG",
            "location": "westus3",
            "name": "seto0046-A05-RG",
            "tags": {},
            "timeouts": null
          },
          "sensitive_attributes": [],
          "private": "eyJlMmJmYjczMC1lY2FhLTExZTYtOGY4OC0zNDM2M2JjN2M0YzAiOnsiY3JlYXRlIjo1NDAwMDAwMDAwMDAwLCJkZWxldGUiOjU0MDAwMDAwMDAwMDAsInJlYWQiOjMwMDAwMDAwMDAwMCwidXBkYXRlIjo1NDAwMDAwMDAwMDAwfX0="
        }
      ]
    },
    {
      "mode": "managed",
      "type": "azurerm_subnet",
      "name": "webserver",
      "provider": "provider[\"registry.terraform.io/hashicorp/azurerm\"]",
      "instances": [
        {
          "schema_version": 0,
          "attributes": {
            "address_prefixes": [
              "10.0.1.0/24"
            ],
            "delegation": [],
            "enforce_private_link_endpoint_network_policies": false,
            "enforce_private_link_service_network_policies": false,
            "id": "/subscriptions/c33d7468-11ea-4d59-906e-b5ab730587f8/resourceGroups/seto0046-A05-RG/providers/Microsoft.Network/virtualNetworks/seto0046A05Vnet/subnets/seto0046A05Subnet",
            "name": "seto0046A05Subnet",
            "resource_group_name": "seto0046-A05-RG",
            "service_endpoint_policy_ids": [],
            "service_endpoints": [],
            "timeouts": null,
            "virtual_network_name": "seto0046A05Vnet"
          },
          "sensitive_attributes": [],
          "private": "eyJlMmJmYjczMC1lY2FhLTExZTYtOGY4OC0zNDM2M2JjN2M0YzAiOnsiY3JlYXRlIjoxODAwMDAwMDAwMDAwLCJkZWxldGUiOjE4MDAwMDAwMDAwMDAsInJlYWQiOjMwMDAwMDAwMDAwMCwidXBkYXRlIjoxODAwMDAwMDAwMDAwfX0=",
          "dependencies": [
            "azurerm_resource_group.rg",
            "azurerm_virtual_network.vnet"
          ]
        }
      ]
    },
    {
      "mode": "managed",
      "type": "azurerm_virtual_network",
      "name": "vnet",
      "provider": "provider[\"registry.terraform.io/hashicorp/azurerm\"]",
      "instances": [
        {
          "schema_version": 0,
          "attributes": {
            "address_space": [
              "10.0.0.0/16"
            ],
            "bgp_community": "",
            "ddos_protection_plan": [],
            "dns_servers": [],
            "edge_zone": "",
            "flow_timeout_in_minutes": 0,
            "guid": "9d3110d6-fa51-40e3-9998-813508e40de7",
            "id": "/subscriptions/c33d7468-11ea-4d59-906e-b5ab730587f8/resourceGroups/seto0046-A05-RG/providers/Microsoft.Network/virtualNetworks/seto0046A05Vnet",
            "location": "westus3",
            "name": "seto0046A05Vnet",
            "resource_group_name": "seto0046-A05-RG",
            "subnet": [
              {
                "address_prefix": "10.0.1.0/24",
                "id": "/subscriptions/c33d7468-11ea-4d59-906e-b5ab730587f8/resourceGroups/seto0046-A05-RG/providers/Microsoft.Network/virtualNetworks/seto0046A05Vnet/subnets/seto0046A05Subnet",
                "name": "seto0046A05Subnet",
                "security_group": ""
              }
            ],
            "tags": {},
            "timeouts": null
          },
          "sensitive_attributes": [],
          "private": "eyJlMmJmYjczMC1lY2FhLTExZTYtOGY4OC0zNDM2M2JjN2M0YzAiOnsiY3JlYXRlIjoxODAwMDAwMDAwMDAwLCJkZWxldGUiOjE4MDAwMDAwMDAwMDAsInJlYWQiOjMwMDAwMDAwMDAwMCwidXBkYXRlIjoxODAwMDAwMDAwMDAwfX0=",
          "dependencies": [
            "azurerm_resource_group.rg"
          ]
        }
      ]
    }
  ],
  "check_results": null
}
